
Microsoft Visual Studio Solution File, Format Version 12.00
# Visual Studio Version 17
VisualStudioVersion = 17.8.34309.116
MinimumVisualStudioVersion = 10.0.40219.1
Project("{FAE04EC0-301F-11D3-BF4B-00C04F79EFBC}") = "ProjectApparatus", "ProjectApparatus\ProjectApparatus.csproj", "{176351F2-8F32-49D5-A60E-16A052856FDE}"
EndProject
Project("{2150E333-8FDC-42A3-9474-1A3956D46DE8}") = "Solution Items", "Solution Items", "{95186B24-4142-440B-A6F4-C606179DA5EF}"
	ProjectSection(SolutionItems) = preProject
		.editorconfig = .editorconfig
	EndProjectSection
EndProject
Global
	GlobalSection(SolutionConfigurationPlatforms) = preSolution
		Debug|x64 = Debug|x64
		Release|x64 = Release|x64
	EndGlobalSection
	GlobalSection(ProjectConfigurationPlatforms) = postSolution
		{176351F2-8F32-49D5-A60E-16A052856FDE}.Debug|x64.ActiveCfg = Debug|x64
		{176351F2-8F32-49D5-A60E-16A052856FDE}.Debug|x64.Build.0 = Debug|x64
		{176351F2-8F32-49D5-A60E-16A052856FDE}.Release|x64.ActiveCfg = Release|x64
		{176351F2-8F32-49D5-A60E-16A052856FDE}.Release|x64.Build.0 = Release|x64
	EndGlobalSection
	GlobalSection(SolutionProperties) = preSolution
		HideSolutionNode = FALSE
	EndGlobalSection
	GlobalSection(ExtensibilityGlobals) = postSolution
		SolutionGuid = {1F3EF369-E4B3-40A7-B9C7-3B22851DDF7F}
	EndGlobalSection
EndGlobal
